
Microsoft Visual Studio Solution File, Format Version 12.00
# Visual Studio Version 17
VisualStudioVersion = 17.14.36221.1
MinimumVisualStudioVersion = 10.0.40219.1
Project("{FAE04EC0-301F-11D3-BF4B-00C04F79EFBC}") = "LmsDiscovery", "LmsDiscovery.csproj", "{A57C82F7-C1D7-4FE9-B782-D53279DBE28E}"
EndProject
Project("{FAE04EC0-301F-11D3-BF4B-00C04F79EFBC}") = "LmsDiscovery.Tests", "..\LmsDiscovery.Tests\LmsDiscovery.Tests.csproj", "{B16F4625-46FD-4A73-937A-FB8128440486}"
EndProject
Global
	GlobalSection(SolutionConfigurationPlatforms) = preSolution
		Debug|Any CPU = Debug|Any CPU
		Release|Any CPU = Release|Any CPU
	EndGlobalSection
	GlobalSection(ProjectConfigurationPlatforms) = postSolution
		{A57C82F7-C1D7-4FE9-B782-D53279DBE28E}.Debug|Any CPU.ActiveCfg = Debug|Any CPU
		{A57C82F7-C1D7-4FE9-B782-D53279DBE28E}.Debug|Any CPU.Build.0 = Debug|Any CPU
		{A57C82F7-C1D7-4FE9-B782-D53279DBE28E}.Release|Any CPU.ActiveCfg = Release|Any CPU
		{A57C82F7-C1D7-4FE9-B782-D53279DBE28E}.Release|Any CPU.Build.0 = Release|Any CPU
		{B16F4625-46FD-4A73-937A-FB8128440486}.Debug|Any CPU.ActiveCfg = Debug|Any CPU
		{B16F4625-46FD-4A73-937A-FB8128440486}.Debug|Any CPU.Build.0 = Debug|Any CPU
		{B16F4625-46FD-4A73-937A-FB8128440486}.Release|Any CPU.ActiveCfg = Release|Any CPU
		{B16F4625-46FD-4A73-937A-FB8128440486}.Release|Any CPU.Build.0 = Release|Any CPU
	EndGlobalSection
	GlobalSection(SolutionProperties) = preSolution
		HideSolutionNode = FALSE
	EndGlobalSection
	GlobalSection(ExtensibilityGlobals) = postSolution
		SolutionGuid = {95FF791B-C7C1-40E9-BC7C-B021C60A3606}
	EndGlobalSection
EndGlobal
